
Microsoft Visual Studio Solution File, Format Version 12.00
# Visual Studio Version 17
VisualStudioVersion = 17.6.33829.357
MinimumVisualStudioVersion = 10.0.40219.1
Project("{9A19103F-16F7-4668-BE54-9A1E7A4F7556}") = "Auth.API", "Auth.API\Auth.API.csproj", "{32E09661-E083-493B-BC54-173E8BEEBB43}"
EndProject
Project("{E53339B2-1760-4266-BCC7-CA923CBCF16C}") = "docker-compose", "docker-compose.dcproj", "{28EE19AE-1DE0-4071-B73C-FE2FEFD12A47}"
EndProject
Global
	GlobalSection(SolutionConfigurationPlatforms) = preSolution
		Debug|Any CPU = Debug|Any CPU
		Release|Any CPU = Release|Any CPU
	EndGlobalSection
	GlobalSection(ProjectConfigurationPlatforms) = postSolution
		{32E09661-E083-493B-BC54-173E8BEEBB43}.Debug|Any CPU.ActiveCfg = Debug|Any CPU
		{32E09661-E083-493B-BC54-173E8BEEBB43}.Debug|Any CPU.Build.0 = Debug|Any CPU
		{32E09661-E083-493B-BC54-173E8BEEBB43}.Release|Any CPU.ActiveCfg = Release|Any CPU
		{32E09661-E083-493B-BC54-173E8BEEBB43}.Release|Any CPU.Build.0 = Release|Any CPU
		{28EE19AE-1DE0-4071-B73C-FE2FEFD12A47}.Debug|Any CPU.ActiveCfg = Debug|Any CPU
		{28EE19AE-1DE0-4071-B73C-FE2FEFD12A47}.Debug|Any CPU.Build.0 = Debug|Any CPU
		{28EE19AE-1DE0-4071-B73C-FE2FEFD12A47}.Release|Any CPU.ActiveCfg = Release|Any CPU
		{28EE19AE-1DE0-4071-B73C-FE2FEFD12A47}.Release|Any CPU.Build.0 = Release|Any CPU
	EndGlobalSection
	GlobalSection(SolutionProperties) = preSolution
		HideSolutionNode = FALSE
	EndGlobalSection
	GlobalSection(ExtensibilityGlobals) = postSolution
		SolutionGuid = {6E335F82-0199-49E4-BE5F-50A2F2EBC9DD}
	EndGlobalSection
EndGlobal
