
Microsoft Visual Studio Solution File, Format Version 12.00
# Visual Studio Version 17
VisualStudioVersion = 17.6.33829.357
MinimumVisualStudioVersion = 10.0.40219.1
Project("{9A19103F-16F7-4668-BE54-9A1E7A4F7556}") = "Autenticacao.API", "Autenticacao.API\Autenticacao.API.csproj", "{CAC84BF4-CBD9-4969-898E-182631CFB3FD}"
EndProject
Project("{9A19103F-16F7-4668-BE54-9A1E7A4F7556}") = "Clientes.API", "Clientes.API\Clientes.API.csproj", "{919F591B-2CCE-4493-A087-E260EE5CF632}"
EndProject
Project("{9A19103F-16F7-4668-BE54-9A1E7A4F7556}") = "Automoveis.API", "Automoveis.API\Automoveis.API.csproj", "{CC664AE0-18AB-42C1-990C-425C63919DAF}"
EndProject
Project("{9A19103F-16F7-4668-BE54-9A1E7A4F7556}") = "Empresas.API", "Empresas.API\Empresas.API.csproj", "{8016C635-8754-42DD-8DBB-BE64C82F9DAB}"
EndProject
Project("{FAE04EC0-301F-11D3-BF4B-00C04F79EFBC}") = "Pedidos.API", "Pedidos.API\Pedidos.API.csproj", "{AD4BDCA8-C839-46A1-8C75-5333D191EADC}"
EndProject
Project("{FAE04EC0-301F-11D3-BF4B-00C04F79EFBC}") = "Bancos.API", "Bancos.API\Bancos.API.csproj", "{3B000745-2166-40ED-9587-0615C010D511}"
EndProject
Project("{2150E333-8FDC-42A3-9474-1A3956D46DE8}") = "Modelos", "Modelos", "{C2EA20C2-697F-4E39-8271-868783FB35D6}"
EndProject
Project("{FAE04EC0-301F-11D3-BF4B-00C04F79EFBC}") = "Models", "Models\Models.csproj", "{0ED4C690-5033-473E-B732-F910932725FE}"
EndProject
Project("{2150E333-8FDC-42A3-9474-1A3956D46DE8}") = "APIs", "APIs", "{BC03ACE7-8408-4472-A5FD-B4E90C573049}"
EndProject
Global
	GlobalSection(SolutionConfigurationPlatforms) = preSolution
		Debug|Any CPU = Debug|Any CPU
		Release|Any CPU = Release|Any CPU
	EndGlobalSection
	GlobalSection(ProjectConfigurationPlatforms) = postSolution
		{CAC84BF4-CBD9-4969-898E-182631CFB3FD}.Debug|Any CPU.ActiveCfg = Debug|Any CPU
		{CAC84BF4-CBD9-4969-898E-182631CFB3FD}.Debug|Any CPU.Build.0 = Debug|Any CPU
		{CAC84BF4-CBD9-4969-898E-182631CFB3FD}.Release|Any CPU.ActiveCfg = Release|Any CPU
		{CAC84BF4-CBD9-4969-898E-182631CFB3FD}.Release|Any CPU.Build.0 = Release|Any CPU
		{919F591B-2CCE-4493-A087-E260EE5CF632}.Debug|Any CPU.ActiveCfg = Debug|Any CPU
		{919F591B-2CCE-4493-A087-E260EE5CF632}.Debug|Any CPU.Build.0 = Debug|Any CPU
		{919F591B-2CCE-4493-A087-E260EE5CF632}.Release|Any CPU.ActiveCfg = Release|Any CPU
		{919F591B-2CCE-4493-A087-E260EE5CF632}.Release|Any CPU.Build.0 = Release|Any CPU
		{CC664AE0-18AB-42C1-990C-425C63919DAF}.Debug|Any CPU.ActiveCfg = Debug|Any CPU
		{CC664AE0-18AB-42C1-990C-425C63919DAF}.Debug|Any CPU.Build.0 = Debug|Any CPU
		{CC664AE0-18AB-42C1-990C-425C63919DAF}.Release|Any CPU.ActiveCfg = Release|Any CPU
		{CC664AE0-18AB-42C1-990C-425C63919DAF}.Release|Any CPU.Build.0 = Release|Any CPU
		{8016C635-8754-42DD-8DBB-BE64C82F9DAB}.Debug|Any CPU.ActiveCfg = Debug|Any CPU
		{8016C635-8754-42DD-8DBB-BE64C82F9DAB}.Debug|Any CPU.Build.0 = Debug|Any CPU
		{8016C635-8754-42DD-8DBB-BE64C82F9DAB}.Release|Any CPU.ActiveCfg = Release|Any CPU
		{8016C635-8754-42DD-8DBB-BE64C82F9DAB}.Release|Any CPU.Build.0 = Release|Any CPU
		{AD4BDCA8-C839-46A1-8C75-5333D191EADC}.Debug|Any CPU.ActiveCfg = Debug|Any CPU
		{AD4BDCA8-C839-46A1-8C75-5333D191EADC}.Debug|Any CPU.Build.0 = Debug|Any CPU
		{AD4BDCA8-C839-46A1-8C75-5333D191EADC}.Release|Any CPU.ActiveCfg = Release|Any CPU
		{AD4BDCA8-C839-46A1-8C75-5333D191EADC}.Release|Any CPU.Build.0 = Release|Any CPU
		{3B000745-2166-40ED-9587-0615C010D511}.Debug|Any CPU.ActiveCfg = Debug|Any CPU
		{3B000745-2166-40ED-9587-0615C010D511}.Debug|Any CPU.Build.0 = Debug|Any CPU
		{3B000745-2166-40ED-9587-0615C010D511}.Release|Any CPU.ActiveCfg = Release|Any CPU
		{3B000745-2166-40ED-9587-0615C010D511}.Release|Any CPU.Build.0 = Release|Any CPU
		{0ED4C690-5033-473E-B732-F910932725FE}.Debug|Any CPU.ActiveCfg = Debug|Any CPU
		{0ED4C690-5033-473E-B732-F910932725FE}.Debug|Any CPU.Build.0 = Debug|Any CPU
		{0ED4C690-5033-473E-B732-F910932725FE}.Release|Any CPU.ActiveCfg = Release|Any CPU
		{0ED4C690-5033-473E-B732-F910932725FE}.Release|Any CPU.Build.0 = Release|Any CPU
	EndGlobalSection
	GlobalSection(SolutionProperties) = preSolution
		HideSolutionNode = FALSE
	EndGlobalSection
	GlobalSection(NestedProjects) = preSolution
		{CAC84BF4-CBD9-4969-898E-182631CFB3FD} = {BC03ACE7-8408-4472-A5FD-B4E90C573049}
		{919F591B-2CCE-4493-A087-E260EE5CF632} = {BC03ACE7-8408-4472-A5FD-B4E90C573049}
		{CC664AE0-18AB-42C1-990C-425C63919DAF} = {BC03ACE7-8408-4472-A5FD-B4E90C573049}
		{8016C635-8754-42DD-8DBB-BE64C82F9DAB} = {BC03ACE7-8408-4472-A5FD-B4E90C573049}
		{AD4BDCA8-C839-46A1-8C75-5333D191EADC} = {BC03ACE7-8408-4472-A5FD-B4E90C573049}
		{3B000745-2166-40ED-9587-0615C010D511} = {BC03ACE7-8408-4472-A5FD-B4E90C573049}
		{0ED4C690-5033-473E-B732-F910932725FE} = {C2EA20C2-697F-4E39-8271-868783FB35D6}
	EndGlobalSection
	GlobalSection(ExtensibilityGlobals) = postSolution
		SolutionGuid = {6E335F82-0199-49E4-BE5F-50A2F2EBC9DD}
	EndGlobalSection
EndGlobal
